
Microsoft Visual Studio Solution File, Format Version 12.00
# Visual Studio Version 17
VisualStudioVersion = 17.7.34202.233
MinimumVisualStudioVersion = 10.0.40219.1
Project("{9A19103F-16F7-4668-BE54-9A1E7A4F7556}") = "ManageStore", "OnlineStore.App\ManageStore.csproj", "{AA276CC1-45AD-4123-A7B1-E70FEFA89C52}"
EndProject
Project("{FAE04EC0-301F-11D3-BF4B-00C04F79EFBC}") = "Data", "OnlineStore.Data\Data.csproj", "{8F0B4AC4-89A9-4757-BA24-2F7188C5BBF5}"
EndProject
Project("{FAE04EC0-301F-11D3-BF4B-00C04F79EFBC}") = "BusinessObjects", "OnlineStore.BO\BusinessObjects.csproj", "{CE91AB05-30F9-4630-9A92-38A5692B66C3}"
EndProject
Project("{FAE04EC0-301F-11D3-BF4B-00C04F79EFBC}") = "BusinessRules", "BusinessRules\BusinessRules.csproj", "{8AD5255E-BCA4-46F2-B993-D0B2698F803A}"
EndProject
Global
	GlobalSection(SolutionConfigurationPlatforms) = preSolution
		Debug|Any CPU = Debug|Any CPU
		Release|Any CPU = Release|Any CPU
	EndGlobalSection
	GlobalSection(ProjectConfigurationPlatforms) = postSolution
		{AA276CC1-45AD-4123-A7B1-E70FEFA89C52}.Debug|Any CPU.ActiveCfg = Debug|Any CPU
		{AA276CC1-45AD-4123-A7B1-E70FEFA89C52}.Debug|Any CPU.Build.0 = Debug|Any CPU
		{AA276CC1-45AD-4123-A7B1-E70FEFA89C52}.Release|Any CPU.ActiveCfg = Release|Any CPU
		{AA276CC1-45AD-4123-A7B1-E70FEFA89C52}.Release|Any CPU.Build.0 = Release|Any CPU
		{8F0B4AC4-89A9-4757-BA24-2F7188C5BBF5}.Debug|Any CPU.ActiveCfg = Debug|Any CPU
		{8F0B4AC4-89A9-4757-BA24-2F7188C5BBF5}.Debug|Any CPU.Build.0 = Debug|Any CPU
		{8F0B4AC4-89A9-4757-BA24-2F7188C5BBF5}.Release|Any CPU.ActiveCfg = Release|Any CPU
		{8F0B4AC4-89A9-4757-BA24-2F7188C5BBF5}.Release|Any CPU.Build.0 = Release|Any CPU
		{CE91AB05-30F9-4630-9A92-38A5692B66C3}.Debug|Any CPU.ActiveCfg = Debug|Any CPU
		{CE91AB05-30F9-4630-9A92-38A5692B66C3}.Debug|Any CPU.Build.0 = Debug|Any CPU
		{CE91AB05-30F9-4630-9A92-38A5692B66C3}.Release|Any CPU.ActiveCfg = Release|Any CPU
		{CE91AB05-30F9-4630-9A92-38A5692B66C3}.Release|Any CPU.Build.0 = Release|Any CPU
		{8AD5255E-BCA4-46F2-B993-D0B2698F803A}.Debug|Any CPU.ActiveCfg = Debug|Any CPU
		{8AD5255E-BCA4-46F2-B993-D0B2698F803A}.Debug|Any CPU.Build.0 = Debug|Any CPU
		{8AD5255E-BCA4-46F2-B993-D0B2698F803A}.Release|Any CPU.ActiveCfg = Release|Any CPU
		{8AD5255E-BCA4-46F2-B993-D0B2698F803A}.Release|Any CPU.Build.0 = Release|Any CPU
	EndGlobalSection
	GlobalSection(SolutionProperties) = preSolution
		HideSolutionNode = FALSE
	EndGlobalSection
	GlobalSection(ExtensibilityGlobals) = postSolution
		SolutionGuid = {7D950293-EF3E-479D-912C-687F876B5981}
	EndGlobalSection
EndGlobal
