
Microsoft Visual Studio Solution File, Format Version 12.00
# Visual Studio Version 17
VisualStudioVersion = 17.7.34202.233
MinimumVisualStudioVersion = 10.0.40219.1
Project("{FAE04EC0-301F-11D3-BF4B-00C04F79EFBC}") = "Aplication", "Aplication.csproj", "{C2E4FF9E-7F65-443E-B500-819C9D3BEB5E}"
EndProject
Project("{FAE04EC0-301F-11D3-BF4B-00C04F79EFBC}") = "Data", "..\Data\Data.csproj", "{91125677-E8A3-4449-B48F-30DA2D7636FE}"
EndProject
Project("{FAE04EC0-301F-11D3-BF4B-00C04F79EFBC}") = "BusinessRules", "..\BusinessRules\BusinessRules.csproj", "{AAE349A5-5FE3-4860-9C31-1C629A2B67F3}"
EndProject
Project("{FAE04EC0-301F-11D3-BF4B-00C04F79EFBC}") = "BusinessObjects", "..\BusinessObjects\BusinessObjects.csproj", "{F5B1CA8F-D699-4419-A229-CF103B3F1876}"
EndProject
Global
	GlobalSection(SolutionConfigurationPlatforms) = preSolution
		Debug|Any CPU = Debug|Any CPU
		Release|Any CPU = Release|Any CPU
	EndGlobalSection
	GlobalSection(ProjectConfigurationPlatforms) = postSolution
		{C2E4FF9E-7F65-443E-B500-819C9D3BEB5E}.Debug|Any CPU.ActiveCfg = Debug|Any CPU
		{C2E4FF9E-7F65-443E-B500-819C9D3BEB5E}.Debug|Any CPU.Build.0 = Debug|Any CPU
		{C2E4FF9E-7F65-443E-B500-819C9D3BEB5E}.Release|Any CPU.ActiveCfg = Release|Any CPU
		{C2E4FF9E-7F65-443E-B500-819C9D3BEB5E}.Release|Any CPU.Build.0 = Release|Any CPU
		{91125677-E8A3-4449-B48F-30DA2D7636FE}.Debug|Any CPU.ActiveCfg = Debug|Any CPU
		{91125677-E8A3-4449-B48F-30DA2D7636FE}.Debug|Any CPU.Build.0 = Debug|Any CPU
		{91125677-E8A3-4449-B48F-30DA2D7636FE}.Release|Any CPU.ActiveCfg = Release|Any CPU
		{91125677-E8A3-4449-B48F-30DA2D7636FE}.Release|Any CPU.Build.0 = Release|Any CPU
		{AAE349A5-5FE3-4860-9C31-1C629A2B67F3}.Debug|Any CPU.ActiveCfg = Debug|Any CPU
		{AAE349A5-5FE3-4860-9C31-1C629A2B67F3}.Debug|Any CPU.Build.0 = Debug|Any CPU
		{AAE349A5-5FE3-4860-9C31-1C629A2B67F3}.Release|Any CPU.ActiveCfg = Release|Any CPU
		{AAE349A5-5FE3-4860-9C31-1C629A2B67F3}.Release|Any CPU.Build.0 = Release|Any CPU
		{F5B1CA8F-D699-4419-A229-CF103B3F1876}.Debug|Any CPU.ActiveCfg = Debug|Any CPU
		{F5B1CA8F-D699-4419-A229-CF103B3F1876}.Debug|Any CPU.Build.0 = Debug|Any CPU
		{F5B1CA8F-D699-4419-A229-CF103B3F1876}.Release|Any CPU.ActiveCfg = Release|Any CPU
		{F5B1CA8F-D699-4419-A229-CF103B3F1876}.Release|Any CPU.Build.0 = Release|Any CPU
	EndGlobalSection
	GlobalSection(SolutionProperties) = preSolution
		HideSolutionNode = FALSE
	EndGlobalSection
	GlobalSection(ExtensibilityGlobals) = postSolution
		SolutionGuid = {8A6FAEF4-B213-4DEE-9370-61B071DA3D99}
	EndGlobalSection
EndGlobal
