
Microsoft Visual Studio Solution File, Format Version 12.00
# Visual Studio Version 17
VisualStudioVersion = 17.7.34202.233
MinimumVisualStudioVersion = 10.0.40219.1
Project("{FAE04EC0-301F-11D3-BF4B-00C04F79EFBC}") = "Aplication", "Aplication\Aplication.csproj", "{3A7DA6BB-FA6D-48DE-8585-DA12AF132B4E}"
EndProject
Project("{FAE04EC0-301F-11D3-BF4B-00C04F79EFBC}") = "BusinessObjects", "BusinessObjects\BusinessObjects.csproj", "{ADE3E450-82C0-4BF8-9FF4-DECA895C42A2}"
EndProject
Project("{FAE04EC0-301F-11D3-BF4B-00C04F79EFBC}") = "Data", "Data\Data.csproj", "{C416CCFE-B223-48F5-8E6F-49F09365C775}"
EndProject
Project("{FAE04EC0-301F-11D3-BF4B-00C04F79EFBC}") = "BusinessRules", "BusinessRules\BusinessRules.csproj", "{9CFE3B88-6F23-4C6E-9B44-19852D484F7B}"
EndProject
Global
	GlobalSection(SolutionConfigurationPlatforms) = preSolution
		Debug|Any CPU = Debug|Any CPU
		Release|Any CPU = Release|Any CPU
	EndGlobalSection
	GlobalSection(ProjectConfigurationPlatforms) = postSolution
		{3A7DA6BB-FA6D-48DE-8585-DA12AF132B4E}.Debug|Any CPU.ActiveCfg = Debug|Any CPU
		{3A7DA6BB-FA6D-48DE-8585-DA12AF132B4E}.Debug|Any CPU.Build.0 = Debug|Any CPU
		{3A7DA6BB-FA6D-48DE-8585-DA12AF132B4E}.Release|Any CPU.ActiveCfg = Release|Any CPU
		{3A7DA6BB-FA6D-48DE-8585-DA12AF132B4E}.Release|Any CPU.Build.0 = Release|Any CPU
		{ADE3E450-82C0-4BF8-9FF4-DECA895C42A2}.Debug|Any CPU.ActiveCfg = Debug|Any CPU
		{ADE3E450-82C0-4BF8-9FF4-DECA895C42A2}.Debug|Any CPU.Build.0 = Debug|Any CPU
		{ADE3E450-82C0-4BF8-9FF4-DECA895C42A2}.Release|Any CPU.ActiveCfg = Release|Any CPU
		{ADE3E450-82C0-4BF8-9FF4-DECA895C42A2}.Release|Any CPU.Build.0 = Release|Any CPU
		{C416CCFE-B223-48F5-8E6F-49F09365C775}.Debug|Any CPU.ActiveCfg = Debug|Any CPU
		{C416CCFE-B223-48F5-8E6F-49F09365C775}.Debug|Any CPU.Build.0 = Debug|Any CPU
		{C416CCFE-B223-48F5-8E6F-49F09365C775}.Release|Any CPU.ActiveCfg = Release|Any CPU
		{C416CCFE-B223-48F5-8E6F-49F09365C775}.Release|Any CPU.Build.0 = Release|Any CPU
		{9CFE3B88-6F23-4C6E-9B44-19852D484F7B}.Debug|Any CPU.ActiveCfg = Debug|Any CPU
		{9CFE3B88-6F23-4C6E-9B44-19852D484F7B}.Debug|Any CPU.Build.0 = Debug|Any CPU
		{9CFE3B88-6F23-4C6E-9B44-19852D484F7B}.Release|Any CPU.ActiveCfg = Release|Any CPU
		{9CFE3B88-6F23-4C6E-9B44-19852D484F7B}.Release|Any CPU.Build.0 = Release|Any CPU
	EndGlobalSection
	GlobalSection(SolutionProperties) = preSolution
		HideSolutionNode = FALSE
	EndGlobalSection
	GlobalSection(ExtensibilityGlobals) = postSolution
		SolutionGuid = {84F9E60F-1E17-4519-8896-09BEBCCC8924}
	EndGlobalSection
EndGlobal
