
Microsoft Visual Studio Solution File, Format Version 12.00
# Visual Studio Version 17
VisualStudioVersion = 17.7.34202.233
MinimumVisualStudioVersion = 10.0.40219.1
Project("{FAE04EC0-301F-11D3-BF4B-00C04F79EFBC}") = "OnlineStore", "OnlineStore.csproj", "{5DA5673A-E5BE-48E4-A140-33C73B7CA64C}"
EndProject
Project("{FAE04EC0-301F-11D3-BF4B-00C04F79EFBC}") = "BusinessObjects", "..\BusinessObjects\BusinessObjects.csproj", "{5300FA47-B2C7-492C-90BE-8B0DDFD06A59}"
EndProject
Project("{FAE04EC0-301F-11D3-BF4B-00C04F79EFBC}") = "Data", "..\Data\Data.csproj", "{69896A5D-5589-42AD-BC14-7715A8C6DAF7}"
EndProject
Project("{FAE04EC0-301F-11D3-BF4B-00C04F79EFBC}") = "BusinessRules", "..\BusinessRules\BusinessRules.csproj", "{D4DA8E0E-386F-4213-8580-3D84F3752451}"
EndProject
Global
	GlobalSection(SolutionConfigurationPlatforms) = preSolution
		Debug|Any CPU = Debug|Any CPU
		Release|Any CPU = Release|Any CPU
	EndGlobalSection
	GlobalSection(ProjectConfigurationPlatforms) = postSolution
		{5DA5673A-E5BE-48E4-A140-33C73B7CA64C}.Debug|Any CPU.ActiveCfg = Debug|Any CPU
		{5DA5673A-E5BE-48E4-A140-33C73B7CA64C}.Debug|Any CPU.Build.0 = Debug|Any CPU
		{5DA5673A-E5BE-48E4-A140-33C73B7CA64C}.Release|Any CPU.ActiveCfg = Release|Any CPU
		{5DA5673A-E5BE-48E4-A140-33C73B7CA64C}.Release|Any CPU.Build.0 = Release|Any CPU
		{5300FA47-B2C7-492C-90BE-8B0DDFD06A59}.Debug|Any CPU.ActiveCfg = Debug|Any CPU
		{5300FA47-B2C7-492C-90BE-8B0DDFD06A59}.Debug|Any CPU.Build.0 = Debug|Any CPU
		{5300FA47-B2C7-492C-90BE-8B0DDFD06A59}.Release|Any CPU.ActiveCfg = Release|Any CPU
		{5300FA47-B2C7-492C-90BE-8B0DDFD06A59}.Release|Any CPU.Build.0 = Release|Any CPU
		{69896A5D-5589-42AD-BC14-7715A8C6DAF7}.Debug|Any CPU.ActiveCfg = Debug|Any CPU
		{69896A5D-5589-42AD-BC14-7715A8C6DAF7}.Debug|Any CPU.Build.0 = Debug|Any CPU
		{69896A5D-5589-42AD-BC14-7715A8C6DAF7}.Release|Any CPU.ActiveCfg = Release|Any CPU
		{69896A5D-5589-42AD-BC14-7715A8C6DAF7}.Release|Any CPU.Build.0 = Release|Any CPU
		{D4DA8E0E-386F-4213-8580-3D84F3752451}.Debug|Any CPU.ActiveCfg = Debug|Any CPU
		{D4DA8E0E-386F-4213-8580-3D84F3752451}.Debug|Any CPU.Build.0 = Debug|Any CPU
		{D4DA8E0E-386F-4213-8580-3D84F3752451}.Release|Any CPU.ActiveCfg = Release|Any CPU
		{D4DA8E0E-386F-4213-8580-3D84F3752451}.Release|Any CPU.Build.0 = Release|Any CPU
	EndGlobalSection
	GlobalSection(SolutionProperties) = preSolution
		HideSolutionNode = FALSE
	EndGlobalSection
	GlobalSection(ExtensibilityGlobals) = postSolution
		SolutionGuid = {8BB60768-2706-4200-9BE6-DFE8872BF056}
	EndGlobalSection
EndGlobal
